
Microsoft Visual Studio Solution File, Format Version 12.00
# Visual Studio Version 17
VisualStudioVersion = 17.0.32112.339
MinimumVisualStudioVersion = 10.0.40219.1
Project("{2150E333-8FDC-42A3-9474-1A3956D46DE8}") = "src", "src", "{8FF11A68-2E87-4959-A7FF-C8DEBD5B3C45}"
EndProject
Project("{2150E333-8FDC-42A3-9474-1A3956D46DE8}") = "tests", "tests", "{CAAF38FD-A54A-4406-A942-12BE7E6C1E8D}"
EndProject
Project("{2150E333-8FDC-42A3-9474-1A3956D46DE8}") = "API", "API", "{3D608319-CAE4-4D28-90C3-A4D3DB7C5AA2}"
EndProject
Project("{2150E333-8FDC-42A3-9474-1A3956D46DE8}") = "Core", "Core", "{42F94142-9E8B-48EB-9837-5A7A69474E4A}"
EndProject
Project("{2150E333-8FDC-42A3-9474-1A3956D46DE8}") = "Infrastructure", "Infrastructure", "{96DF0E6A-F7E5-4CB0-96B3-3F7260A7F23C}"
EndProject
Project("{9A19103F-16F7-4668-BE54-9A1E7A4F7556}") = "Ecommerce.Domain", "Ecommerce.Domain\Ecommerce.Domain.csproj", "{F80FA902-98E1-43BF-827C-C48674E92B81}"
EndProject
Project("{9A19103F-16F7-4668-BE54-9A1E7A4F7556}") = "Ecommerce.Application", "Ecommerce.Application\Ecommerce.Application.csproj", "{55BBB659-0EDF-4AF5-936C-02005E036416}"
EndProject
Project("{9A19103F-16F7-4668-BE54-9A1E7A4F7556}") = "Ecommerce.Application.Tests", "Ecommerce.Application.Tests\Ecommerce.Application.Tests.csproj", "{87B954FF-D879-4891-80FD-94D740EA69ED}"
EndProject
Project("{9A19103F-16F7-4668-BE54-9A1E7A4F7556}") = "Ecommerce.Persistence", "Ecommerce.Persistence\Ecommerce.Persistence.csproj", "{BC159829-9302-4B17-9639-54B848B6528B}"
EndProject
Project("{9A19103F-16F7-4668-BE54-9A1E7A4F7556}") = "Ecommerce.Api", "Ecommerce.Api\Ecommerce.Api.csproj", "{2A24D1C1-094E-4CC3-96AB-8F5A8CAE1B2D}"
EndProject
Global
	GlobalSection(SolutionConfigurationPlatforms) = preSolution
		Debug|Any CPU = Debug|Any CPU
		Release|Any CPU = Release|Any CPU
	EndGlobalSection
	GlobalSection(ProjectConfigurationPlatforms) = postSolution
		{F80FA902-98E1-43BF-827C-C48674E92B81}.Debug|Any CPU.ActiveCfg = Debug|Any CPU
		{F80FA902-98E1-43BF-827C-C48674E92B81}.Debug|Any CPU.Build.0 = Debug|Any CPU
		{F80FA902-98E1-43BF-827C-C48674E92B81}.Release|Any CPU.ActiveCfg = Release|Any CPU
		{F80FA902-98E1-43BF-827C-C48674E92B81}.Release|Any CPU.Build.0 = Release|Any CPU
		{55BBB659-0EDF-4AF5-936C-02005E036416}.Debug|Any CPU.ActiveCfg = Debug|Any CPU
		{55BBB659-0EDF-4AF5-936C-02005E036416}.Debug|Any CPU.Build.0 = Debug|Any CPU
		{55BBB659-0EDF-4AF5-936C-02005E036416}.Release|Any CPU.ActiveCfg = Release|Any CPU
		{55BBB659-0EDF-4AF5-936C-02005E036416}.Release|Any CPU.Build.0 = Release|Any CPU
		{87B954FF-D879-4891-80FD-94D740EA69ED}.Debug|Any CPU.ActiveCfg = Debug|Any CPU
		{87B954FF-D879-4891-80FD-94D740EA69ED}.Debug|Any CPU.Build.0 = Debug|Any CPU
		{87B954FF-D879-4891-80FD-94D740EA69ED}.Release|Any CPU.ActiveCfg = Release|Any CPU
		{87B954FF-D879-4891-80FD-94D740EA69ED}.Release|Any CPU.Build.0 = Release|Any CPU
		{BC159829-9302-4B17-9639-54B848B6528B}.Debug|Any CPU.ActiveCfg = Debug|Any CPU
		{BC159829-9302-4B17-9639-54B848B6528B}.Debug|Any CPU.Build.0 = Debug|Any CPU
		{BC159829-9302-4B17-9639-54B848B6528B}.Release|Any CPU.ActiveCfg = Release|Any CPU
		{BC159829-9302-4B17-9639-54B848B6528B}.Release|Any CPU.Build.0 = Release|Any CPU
		{2A24D1C1-094E-4CC3-96AB-8F5A8CAE1B2D}.Debug|Any CPU.ActiveCfg = Debug|Any CPU
		{2A24D1C1-094E-4CC3-96AB-8F5A8CAE1B2D}.Debug|Any CPU.Build.0 = Debug|Any CPU
		{2A24D1C1-094E-4CC3-96AB-8F5A8CAE1B2D}.Release|Any CPU.ActiveCfg = Release|Any CPU
		{2A24D1C1-094E-4CC3-96AB-8F5A8CAE1B2D}.Release|Any CPU.Build.0 = Release|Any CPU
	EndGlobalSection
	GlobalSection(SolutionProperties) = preSolution
		HideSolutionNode = FALSE
	EndGlobalSection
	GlobalSection(NestedProjects) = preSolution
		{3D608319-CAE4-4D28-90C3-A4D3DB7C5AA2} = {8FF11A68-2E87-4959-A7FF-C8DEBD5B3C45}
		{42F94142-9E8B-48EB-9837-5A7A69474E4A} = {8FF11A68-2E87-4959-A7FF-C8DEBD5B3C45}
		{96DF0E6A-F7E5-4CB0-96B3-3F7260A7F23C} = {8FF11A68-2E87-4959-A7FF-C8DEBD5B3C45}
		{F80FA902-98E1-43BF-827C-C48674E92B81} = {42F94142-9E8B-48EB-9837-5A7A69474E4A}
		{55BBB659-0EDF-4AF5-936C-02005E036416} = {42F94142-9E8B-48EB-9837-5A7A69474E4A}
		{87B954FF-D879-4891-80FD-94D740EA69ED} = {CAAF38FD-A54A-4406-A942-12BE7E6C1E8D}
		{BC159829-9302-4B17-9639-54B848B6528B} = {96DF0E6A-F7E5-4CB0-96B3-3F7260A7F23C}
		{2A24D1C1-094E-4CC3-96AB-8F5A8CAE1B2D} = {3D608319-CAE4-4D28-90C3-A4D3DB7C5AA2}
	EndGlobalSection
	GlobalSection(ExtensibilityGlobals) = postSolution
		SolutionGuid = {A6B64E29-8B97-46F6-BCF0-1209E1A0A85D}
	EndGlobalSection
EndGlobal
